// !$*UTF8*$!
{
	archiveVersion = 1;
	classes = {
	};
	objectVersion = 51;
	objects = {

/* Begin PBXBuildFile section */
		37CB7F747AFC34EF15497832 /* Pods_Twitter.framework in Frameworks */ = {isa = PBXBuildFile; fileRef = B14C14E0D8DE2154951019D8 /* Pods_Twitter.framework */; };
		DD2D98F9245439F6000DC1F4 /* UserHeaderFooter.swift in Sources */ = {isa = PBXBuildFile; fileRef = DD2D98F8245439F6000DC1F4 /* UserHeaderFooter.swift */; };
		DD2D98FB24543A1E000DC1F4 /* HomeDatasource.swift in Sources */ = {isa = PBXBuildFile; fileRef = DD2D98FA24543A1E000DC1F4 /* HomeDatasource.swift */; };
		DD3643D1245B2C870067486C /* User.swift in Sources */ = {isa = PBXBuildFile; fileRef = DD3643D0245B2C870067486C /* User.swift */; };
		DD3643D3245B34560067486C /* UserCell.swift in Sources */ = {isa = PBXBuildFile; fileRef = DD3643D2245B34560067486C /* UserCell.swift */; };
		DD3643D5246310150067486C /* TweetCell.swift in Sources */ = {isa = PBXBuildFile; fileRef = DD3643D4246310150067486C /* TweetCell.swift */; };
		DD3643D7246414AD0067486C /* Tweet.swift in Sources */ = {isa = PBXBuildFile; fileRef = DD3643D6246414AD0067486C /* Tweet.swift */; };
		DD61FD1524540FB200EB1213 /* AppDelegate.swift in Sources */ = {isa = PBXBuildFile; fileRef = DD61FD1424540FB200EB1213 /* AppDelegate.swift */; };
		DD61FD1724540FB200EB1213 /* SceneDelegate.swift in Sources */ = {isa = PBXBuildFile; fileRef = DD61FD1624540FB200EB1213 /* SceneDelegate.swift */; };
		DD61FD1924540FB200EB1213 /* ViewController.swift in Sources */ = {isa = PBXBuildFile; fileRef = DD61FD1824540FB200EB1213 /* ViewController.swift */; };
		DD61FD1C24540FB200EB1213 /* Main.storyboard in Resources */ = {isa = PBXBuildFile; fileRef = DD61FD1A24540FB200EB1213 /* Main.storyboard */; };
		DD61FD1E24540FB400EB1213 /* Assets.xcassets in Resources */ = {isa = PBXBuildFile; fileRef = DD61FD1D24540FB400EB1213 /* Assets.xcassets */; };
		DD61FD2124540FB400EB1213 /* LaunchScreen.storyboard in Resources */ = {isa = PBXBuildFile; fileRef = DD61FD1F24540FB400EB1213 /* LaunchScreen.storyboard */; };
		DD61FD2924540FD200EB1213 /* HomeController.swift in Sources */ = {isa = PBXBuildFile; fileRef = DD61FD2824540FD200EB1213 /* HomeController.swift */; };
		DD61FD2B2454149700EB1213 /* HomeDatasourceController.swift in Sources */ = {isa = PBXBuildFile; fileRef = DD61FD2A2454149700EB1213 /* HomeDatasourceController.swift */; };
/* End PBXBuildFile section */

/* Begin PBXFileReference section */
		6887F578705D30BDDC102429 /* Pods-Twitter.release.xcconfig */ = {isa = PBXFileReference; includeInIndex = 1; lastKnownFileType = text.xcconfig; name = "Pods-Twitter.release.xcconfig"; path = "Target Support Files/Pods-Twitter/Pods-Twitter.release.xcconfig"; sourceTree = "<group>"; };
		B14C14E0D8DE2154951019D8 /* Pods_Twitter.framework */ = {isa = PBXFileReference; explicitFileType = wrapper.framework; includeInIndex = 0; path = Pods_Twitter.framework; sourceTree = BUILT_PRODUCTS_DIR; };
		DD2D98F8245439F6000DC1F4 /* UserHeaderFooter.swift */ = {isa = PBXFileReference; lastKnownFileType = sourcecode.swift; path = UserHeaderFooter.swift; sourceTree = "<group>"; };
		DD2D98FA24543A1E000DC1F4 /* HomeDatasource.swift */ = {isa = PBXFileReference; lastKnownFileType = sourcecode.swift; path = HomeDatasource.swift; sourceTree = "<group>"; };
		DD3643D0245B2C870067486C /* User.swift */ = {isa = PBXFileReference; lastKnownFileType = sourcecode.swift; path = User.swift; sourceTree = "<group>"; };
		DD3643D2245B34560067486C /* UserCell.swift */ = {isa = PBXFileReference; lastKnownFileType = sourcecode.swift; path = UserCell.swift; sourceTree = "<group>"; };
		DD3643D4246310150067486C /* TweetCell.swift */ = {isa = PBXFileReference; lastKnownFileType = sourcecode.swift; path = TweetCell.swift; sourceTree = "<group>"; };
		DD3643D6246414AD0067486C /* Tweet.swift */ = {isa = PBXFileReference; lastKnownFileType = sourcecode.swift; path = Tweet.swift; sourceTree = "<group>"; };
		DD61FD1124540FB200EB1213 /* Twitter.app */ = {isa = PBXFileReference; explicitFileType = wrapper.application; includeInIndex = 0; path = Twitter.app; sourceTree = BUILT_PRODUCTS_DIR; };
		DD61FD1424540FB200EB1213 /* AppDelegate.swift */ = {isa = PBXFileReference; lastKnownFileType = sourcecode.swift; path = AppDelegate.swift; sourceTree = "<group>"; };
		DD61FD1624540FB200EB1213 /* SceneDelegate.swift */ = {isa = PBXFileReference; lastKnownFileType = sourcecode.swift; path = SceneDelegate.swift; sourceTree = "<group>"; };
		DD61FD1824540FB200EB1213 /* ViewController.swift */ = {isa = PBXFileReference; lastKnownFileType = sourcecode.swift; path = ViewController.swift; sourceTree = "<group>"; };
		DD61FD1B24540FB200EB1213 /* Base */ = {isa = PBXFileReference; lastKnownFileType = file.storyboard; name = Base; path = Base.lproj/Main.storyboard; sourceTree = "<group>"; };
		DD61FD1D24540FB400EB1213 /* Assets.xcassets */ = {isa = PBXFileReference; lastKnownFileType = folder.assetcatalog; path = Assets.xcassets; sourceTree = "<group>"; };
		DD61FD2024540FB400EB1213 /* Base */ = {isa = PBXFileReference; lastKnownFileType = file.storyboard; name = Base; path = Base.lproj/LaunchScreen.storyboard; sourceTree = "<group>"; };
		DD61FD2224540FB400EB1213 /* Info.plist */ = {isa = PBXFileReference; lastKnownFileType = text.plist.xml; path = Info.plist; sourceTree = "<group>"; };
		DD61FD2824540FD200EB1213 /* HomeController.swift */ = {isa = PBXFileReference; lastKnownFileType = sourcecode.swift; path = HomeController.swift; sourceTree = "<group>"; };
		DD61FD2A2454149700EB1213 /* HomeDatasourceController.swift */ = {isa = PBXFileReference; lastKnownFileType = sourcecode.swift; path = HomeDatasourceController.swift; sourceTree = "<group>"; };
		E237FBCA6B0D8FC99E0B67E1 /* Pods-Twitter.debug.xcconfig */ = {isa = PBXFileReference; includeInIndex = 1; lastKnownFileType = text.xcconfig; name = "Pods-Twitter.debug.xcconfig"; path = "Target Support Files/Pods-Twitter/Pods-Twitter.debug.xcconfig"; sourceTree = "<group>"; };
/* End PBXFileReference section */

/* Begin PBXFrameworksBuildPhase section */
		DD61FD0E24540FB200EB1213 /* Frameworks */ = {
			isa = PBXFrameworksBuildPhase;
			buildActionMask = 2147483647;
			files = (
				37CB7F747AFC34EF15497832 /* Pods_Twitter.framework in Frameworks */,
			);
			runOnlyForDeploymentPostprocessing = 0;
		};
/* End PBXFrameworksBuildPhase section */

/* Begin PBXGroup section */
		26263177AAF636BD266E0E61 /* Frameworks */ = {
			isa = PBXGroup;
			children = (
				B14C14E0D8DE2154951019D8 /* Pods_Twitter.framework */,
			);
			name = Frameworks;
			sourceTree = "<group>";
		};
		DD2D98F524543996000DC1F4 /* Controller */ = {
			isa = PBXGroup;
			children = (
				DD61FD2A2454149700EB1213 /* HomeDatasourceController.swift */,
			);
			path = Controller;
			sourceTree = "<group>";
		};
		DD2D98F6245439A0000DC1F4 /* Model */ = {
			isa = PBXGroup;
			children = (
				DD2D98FA24543A1E000DC1F4 /* HomeDatasource.swift */,
				DD3643D0245B2C870067486C /* User.swift */,
				DD3643D6246414AD0067486C /* Tweet.swift */,
			);
			path = Model;
			sourceTree = "<group>";
		};
		DD2D98F7245439A8000DC1F4 /* View */ = {
			isa = PBXGroup;
			children = (
				DD2D98F8245439F6000DC1F4 /* UserHeaderFooter.swift */,
				DD3643D2245B34560067486C /* UserCell.swift */,
				DD3643D4246310150067486C /* TweetCell.swift */,
			);
			path = View;
			sourceTree = "<group>";
		};
		DD61FD0824540FB200EB1213 = {
			isa = PBXGroup;
			children = (
				DD61FD1324540FB200EB1213 /* Twitter */,
				DD61FD1224540FB200EB1213 /* Products */,
				F244C6BD06A3740AE84A6B0C /* Pods */,
				26263177AAF636BD266E0E61 /* Frameworks */,
			);
			sourceTree = "<group>";
		};
		DD61FD1224540FB200EB1213 /* Products */ = {
			isa = PBXGroup;
			children = (
				DD61FD1124540FB200EB1213 /* Twitter.app */,
			);
			name = Products;
			sourceTree = "<group>";
		};
		DD61FD1324540FB200EB1213 /* Twitter */ = {
			isa = PBXGroup;
			children = (
				DD2D98F7245439A8000DC1F4 /* View */,
				DD2D98F6245439A0000DC1F4 /* Model */,
				DD2D98F524543996000DC1F4 /* Controller */,
				DD61FD1424540FB200EB1213 /* AppDelegate.swift */,
				DD61FD1624540FB200EB1213 /* SceneDelegate.swift */,
				DD61FD1824540FB200EB1213 /* ViewController.swift */,
				DD61FD2824540FD200EB1213 /* HomeController.swift */,
				DD61FD1A24540FB200EB1213 /* Main.storyboard */,
				DD61FD1D24540FB400EB1213 /* Assets.xcassets */,
				DD61FD1F24540FB400EB1213 /* LaunchScreen.storyboard */,
				DD61FD2224540FB400EB1213 /* Info.plist */,
			);
			path = Twitter;
			sourceTree = "<group>";
		};
		F244C6BD06A3740AE84A6B0C /* Pods */ = {
			isa = PBXGroup;
			children = (
				E237FBCA6B0D8FC99E0B67E1 /* Pods-Twitter.debug.xcconfig */,
				6887F578705D30BDDC102429 /* Pods-Twitter.release.xcconfig */,
			);
			path = Pods;
			sourceTree = "<group>";
		};
/* End PBXGroup section */

/* Begin PBXNativeTarget section */
		DD61FD1024540FB200EB1213 /* Twitter */ = {
			isa = PBXNativeTarget;
			buildConfigurationList = DD61FD2524540FB400EB1213 /* Build configuration list for PBXNativeTarget "Twitter" */;
			buildPhases = (
				3362583CBA895624E11B4E69 /* [CP] Check Pods Manifest.lock */,
				DD61FD0D24540FB200EB1213 /* Sources */,
				DD61FD0E24540FB200EB1213 /* Frameworks */,
				DD61FD0F24540FB200EB1213 /* Resources */,
				1900B76B1CB2FBD569E400E3 /* [CP] Embed Pods Frameworks */,
			);
			buildRules = (
			);
			dependencies = (
			);
			name = Twitter;
			productName = Twitter;
			productReference = DD61FD1124540FB200EB1213 /* Twitter.app */;
			productType = "com.apple.product-type.application";
		};
/* End PBXNativeTarget section */

/* Begin PBXProject section */
		DD61FD0924540FB200EB1213 /* Project object */ = {
			isa = PBXProject;
			attributes = {
				LastSwiftUpdateCheck = 1140;
				LastUpgradeCheck = 1140;
				ORGANIZATIONNAME = "Jiwoo Ban";
				TargetAttributes = {
					DD61FD1024540FB200EB1213 = {
						CreatedOnToolsVersion = 11.4.1;
					};
				};
			};
			buildConfigurationList = DD61FD0C24540FB200EB1213 /* Build configuration list for PBXProject "Twitter" */;
			compatibilityVersion = "Xcode 9.3";
			developmentRegion = en;
			hasScannedForEncodings = 0;
			knownRegions = (
				en,
				Base,
			);
			mainGroup = DD61FD0824540FB200EB1213;
			productRefGroup = DD61FD1224540FB200EB1213 /* Products */;
			projectDirPath = "";
			projectRoot = "";
			targets = (
				DD61FD1024540FB200EB1213 /* Twitter */,
			);
		};
/* End PBXProject section */

/* Begin PBXResourcesBuildPhase section */
		DD61FD0F24540FB200EB1213 /* Resources */ = {
			isa = PBXResourcesBuildPhase;
			buildActionMask = 2147483647;
			files = (
				DD61FD2124540FB400EB1213 /* LaunchScreen.storyboard in Resources */,
				DD61FD1E24540FB400EB1213 /* Assets.xcassets in Resources */,
				DD61FD1C24540FB200EB1213 /* Main.storyboard in Resources */,
			);
			runOnlyForDeploymentPostprocessing = 0;
		};
/* End PBXResourcesBuildPhase section */

/* Begin PBXShellScriptBuildPhase section */
		1900B76B1CB2FBD569E400E3 /* [CP] Embed Pods Frameworks */ = {
			isa = PBXShellScriptBuildPhase;
			buildActionMask = 2147483647;
			files = (
			);
			inputFileListPaths = (
				"${PODS_ROOT}/Target Support Files/Pods-Twitter/Pods-Twitter-frameworks-${CONFIGURATION}-input-files.xcfilelist",
			);
			name = "[CP] Embed Pods Frameworks";
			outputFileListPaths = (
				"${PODS_ROOT}/Target Support Files/Pods-Twitter/Pods-Twitter-frameworks-${CONFIGURATION}-output-files.xcfilelist",
			);
			runOnlyForDeploymentPostprocessing = 0;
			shellPath = /bin/sh;
			shellScript = "\"${PODS_ROOT}/Target Support Files/Pods-Twitter/Pods-Twitter-frameworks.sh\"\n";
			showEnvVarsInLog = 0;
		};
		3362583CBA895624E11B4E69 /* [CP] Check Pods Manifest.lock */ = {
			isa = PBXShellScriptBuildPhase;
			buildActionMask = 2147483647;
			files = (
			);
			inputFileListPaths = (
			);
			inputPaths = (
				"${PODS_PODFILE_DIR_PATH}/Podfile.lock",
				"${PODS_ROOT}/Manifest.lock",
			);
			name = "[CP] Check Pods Manifest.lock";
			outputFileListPaths = (
			);
			outputPaths = (
				"$(DERIVED_FILE_DIR)/Pods-Twitter-checkManifestLockResult.txt",
			);
			runOnlyForDeploymentPostprocessing = 0;
			shellPath = /bin/sh;
			shellScript = "diff \"${PODS_PODFILE_DIR_PATH}/Podfile.lock\" \"${PODS_ROOT}/Manifest.lock\" > /dev/null\nif [ $? != 0 ] ; then\n    # print error to STDERR\n    echo \"error: The sandbox is not in sync with the Podfile.lock. Run 'pod install' or update your CocoaPods installation.\" >&2\n    exit 1\nfi\n# This output is used by Xcode 'outputs' to avoid re-running this script phase.\necho \"SUCCESS\" > \"${SCRIPT_OUTPUT_FILE_0}\"\n";
			showEnvVarsInLog = 0;
		};
/* End PBXShellScriptBuildPhase section */

/* Begin PBXSourcesBuildPhase section */
		DD61FD0D24540FB200EB1213 /* Sources */ = {
			isa = PBXSourcesBuildPhase;
			buildActionMask = 2147483647;
			files = (
				DD61FD2B2454149700EB1213 /* HomeDatasourceController.swift in Sources */,
				DD2D98FB24543A1E000DC1F4 /* HomeDatasource.swift in Sources */,
				DD2D98F9245439F6000DC1F4 /* UserHeaderFooter.swift in Sources */,
				DD61FD2924540FD200EB1213 /* HomeController.swift in Sources */,
				DD3643D1245B2C870067486C /* User.swift in Sources */,
				DD3643D3245B34560067486C /* UserCell.swift in Sources */,
				DD61FD1924540FB200EB1213 /* ViewController.swift in Sources */,
				DD3643D5246310150067486C /* TweetCell.swift in Sources */,
				DD61FD1524540FB200EB1213 /* AppDelegate.swift in Sources */,
				DD61FD1724540FB200EB1213 /* SceneDelegate.swift in Sources */,
				DD3643D7246414AD0067486C /* Tweet.swift in Sources */,
			);
			runOnlyForDeploymentPostprocessing = 0;
		};
/* End PBXSourcesBuildPhase section */

/* Begin PBXVariantGroup section */
		DD61FD1A24540FB200EB1213 /* Main.storyboard */ = {
			isa = PBXVariantGroup;
			children = (
				DD61FD1B24540FB200EB1213 /* Base */,
			);
			name = Main.storyboard;
			sourceTree = "<group>";
		};
		DD61FD1F24540FB400EB1213 /* LaunchScreen.storyboard */ = {
			isa = PBXVariantGroup;
			children = (
				DD61FD2024540FB400EB1213 /* Base */,
			);
			name = LaunchScreen.storyboard;
			sourceTree = "<group>";
		};
/* End PBXVariantGroup section */

/* Begin XCBuildConfiguration section */
		DD61FD2324540FB400EB1213 /* Debug */ = {
			isa = XCBuildConfiguration;
			buildSettings = {
				ALWAYS_SEARCH_USER_PATHS = NO;
				CLANG_ANALYZER_NONNULL = YES;
				CLANG_ANALYZER_NUMBER_OBJECT_CONVERSION = YES_AGGRESSIVE;
				CLANG_CXX_LANGUAGE_STANDARD = "gnu++14";
				CLANG_CXX_LIBRARY = "libc++";
				CLANG_ENABLE_MODULES = YES;
				CLANG_ENABLE_OBJC_ARC = YES;
				CLANG_ENABLE_OBJC_WEAK = YES;
				CLANG_WARN_BLOCK_CAPTURE_AUTORELEASING = YES;
				CLANG_WARN_BOOL_CONVERSION = YES;
				CLANG_WARN_COMMA = YES;
				CLANG_WARN_CONSTANT_CONVERSION = YES;
				CLANG_WARN_DEPRECATED_OBJC_IMPLEMENTATIONS = YES;
				CLANG_WARN_DIRECT_OBJC_ISA_USAGE = YES_ERROR;
				CLANG_WARN_DOCUMENTATION_COMMENTS = YES;
				CLANG_WARN_EMPTY_BODY = YES;
				CLANG_WARN_ENUM_CONVERSION = YES;
				CLANG_WARN_INFINITE_RECURSION = YES;
				CLANG_WARN_INT_CONVERSION = YES;
				CLANG_WARN_NON_LITERAL_NULL_CONVERSION = YES;
				CLANG_WARN_OBJC_IMPLICIT_RETAIN_SELF = YES;
				CLANG_WARN_OBJC_LITERAL_CONVERSION = YES;
				CLANG_WARN_OBJC_ROOT_CLASS = YES_ERROR;
				CLANG_WARN_RANGE_LOOP_ANALYSIS = YES;
				CLANG_WARN_STRICT_PROTOTYPES = YES;
				CLANG_WARN_SUSPICIOUS_MOVE = YES;
				CLANG_WARN_UNGUARDED_AVAILABILITY = YES_AGGRESSIVE;
				CLANG_WARN_UNREACHABLE_CODE = YES;
				CLANG_WARN__DUPLICATE_METHOD_MATCH = YES;
				COPY_PHASE_STRIP = NO;
				DEBUG_INFORMATION_FORMAT = dwarf;
				ENABLE_STRICT_OBJC_MSGSEND = YES;
				ENABLE_TESTABILITY = YES;
				GCC_C_LANGUAGE_STANDARD = gnu11;
				GCC_DYNAMIC_NO_PIC = NO;
				GCC_NO_COMMON_BLOCKS = YES;
				GCC_OPTIMIZATION_LEVEL = 0;
				GCC_PREPROCESSOR_DEFINITIONS = (
					"DEBUG=1",
					"$(inherited)",
				);
				GCC_WARN_64_TO_32_BIT_CONVERSION = YES;
				GCC_WARN_ABOUT_RETURN_TYPE = YES_ERROR;
				GCC_WARN_UNDECLARED_SELECTOR = YES;
				GCC_WARN_UNINITIALIZED_AUTOS = YES_AGGRESSIVE;
				GCC_WARN_UNUSED_FUNCTION = YES;
				GCC_WARN_UNUSED_VARIABLE = YES;
				IPHONEOS_DEPLOYMENT_TARGET = 13.4;
				MTL_ENABLE_DEBUG_INFO = INCLUDE_SOURCE;
				MTL_FAST_MATH = YES;
				ONLY_ACTIVE_ARCH = YES;
				SDKROOT = iphoneos;
				SWIFT_ACTIVE_COMPILATION_CONDITIONS = DEBUG;
				SWIFT_OPTIMIZATION_LEVEL = "-Onone";
			};
			name = Debug;
		};
		DD61FD2424540FB400EB1213 /* Release */ = {
			isa = XCBuildConfiguration;
			buildSettings = {
				ALWAYS_SEARCH_USER_PATHS = NO;
				CLANG_ANALYZER_NONNULL = YES;
				CLANG_ANALYZER_NUMBER_OBJECT_CONVERSION = YES_AGGRESSIVE;
				CLANG_CXX_LANGUAGE_STANDARD = "gnu++14";
				CLANG_CXX_LIBRARY = "libc++";
				CLANG_ENABLE_MODULES = YES;
				CLANG_ENABLE_OBJC_ARC = YES;
				CLANG_ENABLE_OBJC_WEAK = YES;
				CLANG_WARN_BLOCK_CAPTURE_AUTORELEASING = YES;
				CLANG_WARN_BOOL_CONVERSION = YES;
				CLANG_WARN_COMMA = YES;
				CLANG_WARN_CONSTANT_CONVERSION = YES;
				CLANG_WARN_DEPRECATED_OBJC_IMPLEMENTATIONS = YES;
				CLANG_WARN_DIRECT_OBJC_ISA_USAGE = YES_ERROR;
				CLANG_WARN_DOCUMENTATION_COMMENTS = YES;
				CLANG_WARN_EMPTY_BODY = YES;
				CLANG_WARN_ENUM_CONVERSION = YES;
				CLANG_WARN_INFINITE_RECURSION = YES;
				CLANG_WARN_INT_CONVERSION = YES;
				CLANG_WARN_NON_LITERAL_NULL_CONVERSION = YES;
				CLANG_WARN_OBJC_IMPLICIT_RETAIN_SELF = YES;
				CLANG_WARN_OBJC_LITERAL_CONVERSION = YES;
				CLANG_WARN_OBJC_ROOT_CLASS = YES_ERROR;
				CLANG_WARN_RANGE_LOOP_ANALYSIS = YES;
				CLANG_WARN_STRICT_PROTOTYPES = YES;
				CLANG_WARN_SUSPICIOUS_MOVE = YES;
				CLANG_WARN_UNGUARDED_AVAILABILITY = YES_AGGRESSIVE;
				CLANG_WARN_UNREACHABLE_CODE = YES;
				CLANG_WARN__DUPLICATE_METHOD_MATCH = YES;
				COPY_PHASE_STRIP = NO;
				DEBUG_INFORMATION_FORMAT = "dwarf-with-dsym";
				ENABLE_NS_ASSERTIONS = NO;
				ENABLE_STRICT_OBJC_MSGSEND = YES;
				GCC_C_LANGUAGE_STANDARD = gnu11;
				GCC_NO_COMMON_BLOCKS = YES;
				GCC_WARN_64_TO_32_BIT_CONVERSION = YES;
				GCC_WARN_ABOUT_RETURN_TYPE = YES_ERROR;
				GCC_WARN_UNDECLARED_SELECTOR = YES;
				GCC_WARN_UNINITIALIZED_AUTOS = YES_AGGRESSIVE;
				GCC_WARN_UNUSED_FUNCTION = YES;
				GCC_WARN_UNUSED_VARIABLE = YES;
				IPHONEOS_DEPLOYMENT_TARGET = 13.4;
				MTL_ENABLE_DEBUG_INFO = NO;
				MTL_FAST_MATH = YES;
				SDKROOT = iphoneos;
				SWIFT_COMPILATION_MODE = wholemodule;
				SWIFT_OPTIMIZATION_LEVEL = "-O";
				VALIDATE_PRODUCT = YES;
			};
			name = Release;
		};
		DD61FD2624540FB400EB1213 /* Debug */ = {
			isa = XCBuildConfiguration;
			baseConfigurationReference = E237FBCA6B0D8FC99E0B67E1 /* Pods-Twitter.debug.xcconfig */;
			buildSettings = {
				ASSETCATALOG_COMPILER_APPICON_NAME = AppIcon;
				CODE_SIGN_STYLE = Automatic;
				DEVELOPMENT_TEAM = 4Z5AGKU435;
				INFOPLIST_FILE = Twitter/Info.plist;
				LD_RUNPATH_SEARCH_PATHS = (
					"$(inherited)",
					"@executable_path/Frameworks",
				);
				PRODUCT_BUNDLE_IDENTIFIER = jiwooban.Twitter;
				PRODUCT_NAME = "$(TARGET_NAME)";
				SWIFT_VERSION = 5.0;
				TARGETED_DEVICE_FAMILY = "1,2";
			};
			name = Debug;
		};
		DD61FD2724540FB400EB1213 /* Release */ = {
			isa = XCBuildConfiguration;
			baseConfigurationReference = 6887F578705D30BDDC102429 /* Pods-Twitter.release.xcconfig */;
			buildSettings = {
				ASSETCATALOG_COMPILER_APPICON_NAME = AppIcon;
				CODE_SIGN_STYLE = Automatic;
				DEVELOPMENT_TEAM = 4Z5AGKU435;
				INFOPLIST_FILE = Twitter/Info.plist;
				LD_RUNPATH_SEARCH_PATHS = (
					"$(inherited)",
					"@executable_path/Frameworks",
				);
				PRODUCT_BUNDLE_IDENTIFIER = jiwooban.Twitter;
				PRODUCT_NAME = "$(TARGET_NAME)";
				SWIFT_VERSION = 5.0;
				TARGETED_DEVICE_FAMILY = "1,2";
			};
			name = Release;
		};
/* End XCBuildConfiguration section */

/* Begin XCConfigurationList section */
		DD61FD0C24540FB200EB1213 /* Build configuration list for PBXProject "Twitter" */ = {
			isa = XCConfigurationList;
			buildConfigurations = (
				DD61FD2324540FB400EB1213 /* Debug */,
				DD61FD2424540FB400EB1213 /* Release */,
			);
			defaultConfigurationIsVisible = 0;
			defaultConfigurationName = Release;
		};
		DD61FD2524540FB400EB1213 /* Build configuration list for PBXNativeTarget "Twitter" */ = {
			isa = XCConfigurationList;
			buildConfigurations = (
				DD61FD2624540FB400EB1213 /* Debug */,
				DD61FD2724540FB400EB1213 /* Release */,
			);
			defaultConfigurationIsVisible = 0;
			defaultConfigurationName = Release;
		};
/* End XCConfigurationList section */
	};
	rootObject = DD61FD0924540FB200EB1213 /* Project object */;
}
